
Microsoft Visual Studio Solution File, Format Version 12.00
# Visual Studio 15
VisualStudioVersion = 15.0.26730.12
MinimumVisualStudioVersion = 10.0.40219.1
Project("{FAE04EC0-301F-11D3-BF4B-00C04F79EFBC}") = "group-project", "group-project.csproj", "{66225B15-E34B-436A-8017-C6BC37E15F8F}"
EndProject
Project("{FAE04EC0-301F-11D3-BF4B-00C04F79EFBC}") = "group-projectTests", "..\group-projectTests\group-projectTests.csproj", "{D3E2B801-D90D-45FA-93E3-CEDE46B6BADC}"
EndProject
Global
	GlobalSection(SolutionConfigurationPlatforms) = preSolution
		Debug|Any CPU = Debug|Any CPU
		Debug|x64 = Debug|x64
		Debug|x86 = Debug|x86
		Release|Any CPU = Release|Any CPU
		Release|x64 = Release|x64
		Release|x86 = Release|x86
	EndGlobalSection
	GlobalSection(ProjectConfigurationPlatforms) = postSolution
		{66225B15-E34B-436A-8017-C6BC37E15F8F}.Debug|Any CPU.ActiveCfg = Debug|Any CPU
		{66225B15-E34B-436A-8017-C6BC37E15F8F}.Debug|Any CPU.Build.0 = Debug|Any CPU
		{66225B15-E34B-436A-8017-C6BC37E15F8F}.Debug|x64.ActiveCfg = Debug|Any CPU
		{66225B15-E34B-436A-8017-C6BC37E15F8F}.Debug|x64.Build.0 = Debug|Any CPU
		{66225B15-E34B-436A-8017-C6BC37E15F8F}.Debug|x86.ActiveCfg = Debug|Any CPU
		{66225B15-E34B-436A-8017-C6BC37E15F8F}.Debug|x86.Build.0 = Debug|Any CPU
		{66225B15-E34B-436A-8017-C6BC37E15F8F}.Release|Any CPU.ActiveCfg = Release|Any CPU
		{66225B15-E34B-436A-8017-C6BC37E15F8F}.Release|Any CPU.Build.0 = Release|Any CPU
		{66225B15-E34B-436A-8017-C6BC37E15F8F}.Release|x64.ActiveCfg = Release|Any CPU
		{66225B15-E34B-436A-8017-C6BC37E15F8F}.Release|x64.Build.0 = Release|Any CPU
		{66225B15-E34B-436A-8017-C6BC37E15F8F}.Release|x86.ActiveCfg = Release|Any CPU
		{66225B15-E34B-436A-8017-C6BC37E15F8F}.Release|x86.Build.0 = Release|Any CPU
		{D3E2B801-D90D-45FA-93E3-CEDE46B6BADC}.Debug|Any CPU.ActiveCfg = Debug|Any CPU
		{D3E2B801-D90D-45FA-93E3-CEDE46B6BADC}.Debug|Any CPU.Build.0 = Debug|Any CPU
		{D3E2B801-D90D-45FA-93E3-CEDE46B6BADC}.Debug|x64.ActiveCfg = Debug|Any CPU
		{D3E2B801-D90D-45FA-93E3-CEDE46B6BADC}.Debug|x64.Build.0 = Debug|Any CPU
		{D3E2B801-D90D-45FA-93E3-CEDE46B6BADC}.Debug|x86.ActiveCfg = Debug|Any CPU
		{D3E2B801-D90D-45FA-93E3-CEDE46B6BADC}.Debug|x86.Build.0 = Debug|Any CPU
		{D3E2B801-D90D-45FA-93E3-CEDE46B6BADC}.Release|Any CPU.ActiveCfg = Release|Any CPU
		{D3E2B801-D90D-45FA-93E3-CEDE46B6BADC}.Release|Any CPU.Build.0 = Release|Any CPU
		{D3E2B801-D90D-45FA-93E3-CEDE46B6BADC}.Release|x64.ActiveCfg = Release|Any CPU
		{D3E2B801-D90D-45FA-93E3-CEDE46B6BADC}.Release|x64.Build.0 = Release|Any CPU
		{D3E2B801-D90D-45FA-93E3-CEDE46B6BADC}.Release|x86.ActiveCfg = Release|Any CPU
		{D3E2B801-D90D-45FA-93E3-CEDE46B6BADC}.Release|x86.Build.0 = Release|Any CPU
	EndGlobalSection
	GlobalSection(SolutionProperties) = preSolution
		HideSolutionNode = FALSE
	EndGlobalSection
	GlobalSection(ExtensibilityGlobals) = postSolution
		SolutionGuid = {8FBEB18A-BD9D-4D6E-B673-A2B8F40F89AE}
	EndGlobalSection
EndGlobal
